
Microsoft Visual Studio Solution File, Format Version 12.00
# Visual Studio Version 16
VisualStudioVersion = 16.0.31112.23
MinimumVisualStudioVersion = 10.0.40219.1
Project("{FAE04EC0-301F-11D3-BF4B-00C04F79EFBC}") = "Service Provider", "Service Provider\Service Provider.csproj", "{31415A8E-C5BF-4178-B7AF-1F7252FD8185}"
EndProject
Project("{FAE04EC0-301F-11D3-BF4B-00C04F79EFBC}") = "Registry", "Registry\Registry.csproj", "{B7B51224-9383-4519-9D4C-6AB5CDF2D0F7}"
EndProject
Project("{FAE04EC0-301F-11D3-BF4B-00C04F79EFBC}") = "Authenticator", "Authenticator\Authenticator.csproj", "{D2F18D8E-02BA-4F41-BF50-324BABA9203A}"
EndProject
Project("{FAE04EC0-301F-11D3-BF4B-00C04F79EFBC}") = "AuthLib", "AuthLib\AuthLib.csproj", "{6EC53DA7-28F3-4E7B-B949-8F6F6BE4C736}"
EndProject
Project("{FAE04EC0-301F-11D3-BF4B-00C04F79EFBC}") = "Service Publisher", "Service Publisher\Service Publisher.csproj", "{3C1E3017-1EAD-44FA-BDDD-B5902F3B184F}"
EndProject
Project("{FAE04EC0-301F-11D3-BF4B-00C04F79EFBC}") = "Client GUI", "Client GUI\Client GUI.csproj", "{C5460F23-A135-4918-8CC6-BDE0C3BB10B4}"
EndProject
Project("{FAE04EC0-301F-11D3-BF4B-00C04F79EFBC}") = "Registry API Classes", "Registry API Classes\Registry API Classes.csproj", "{8DFCA213-3E55-445C-B8FA-722D4D21637F}"
EndProject
Project("{FAE04EC0-301F-11D3-BF4B-00C04F79EFBC}") = "Service Provider API Classes", "Service Provider API Classes\Service Provider API Classes.csproj", "{9DD51882-BE49-48D7-9D87-D7F17FD0754B}"
EndProject
Global
	GlobalSection(SolutionConfigurationPlatforms) = preSolution
		Debug|Any CPU = Debug|Any CPU
		Release|Any CPU = Release|Any CPU
	EndGlobalSection
	GlobalSection(ProjectConfigurationPlatforms) = postSolution
		{31415A8E-C5BF-4178-B7AF-1F7252FD8185}.Debug|Any CPU.ActiveCfg = Debug|Any CPU
		{31415A8E-C5BF-4178-B7AF-1F7252FD8185}.Debug|Any CPU.Build.0 = Debug|Any CPU
		{31415A8E-C5BF-4178-B7AF-1F7252FD8185}.Release|Any CPU.ActiveCfg = Release|Any CPU
		{31415A8E-C5BF-4178-B7AF-1F7252FD8185}.Release|Any CPU.Build.0 = Release|Any CPU
		{B7B51224-9383-4519-9D4C-6AB5CDF2D0F7}.Debug|Any CPU.ActiveCfg = Debug|Any CPU
		{B7B51224-9383-4519-9D4C-6AB5CDF2D0F7}.Debug|Any CPU.Build.0 = Debug|Any CPU
		{B7B51224-9383-4519-9D4C-6AB5CDF2D0F7}.Release|Any CPU.ActiveCfg = Release|Any CPU
		{B7B51224-9383-4519-9D4C-6AB5CDF2D0F7}.Release|Any CPU.Build.0 = Release|Any CPU
		{D2F18D8E-02BA-4F41-BF50-324BABA9203A}.Debug|Any CPU.ActiveCfg = Debug|Any CPU
		{D2F18D8E-02BA-4F41-BF50-324BABA9203A}.Debug|Any CPU.Build.0 = Debug|Any CPU
		{D2F18D8E-02BA-4F41-BF50-324BABA9203A}.Release|Any CPU.ActiveCfg = Release|Any CPU
		{D2F18D8E-02BA-4F41-BF50-324BABA9203A}.Release|Any CPU.Build.0 = Release|Any CPU
		{6EC53DA7-28F3-4E7B-B949-8F6F6BE4C736}.Debug|Any CPU.ActiveCfg = Debug|Any CPU
		{6EC53DA7-28F3-4E7B-B949-8F6F6BE4C736}.Debug|Any CPU.Build.0 = Debug|Any CPU
		{6EC53DA7-28F3-4E7B-B949-8F6F6BE4C736}.Release|Any CPU.ActiveCfg = Release|Any CPU
		{6EC53DA7-28F3-4E7B-B949-8F6F6BE4C736}.Release|Any CPU.Build.0 = Release|Any CPU
		{3C1E3017-1EAD-44FA-BDDD-B5902F3B184F}.Debug|Any CPU.ActiveCfg = Debug|Any CPU
		{3C1E3017-1EAD-44FA-BDDD-B5902F3B184F}.Debug|Any CPU.Build.0 = Debug|Any CPU
		{3C1E3017-1EAD-44FA-BDDD-B5902F3B184F}.Release|Any CPU.ActiveCfg = Release|Any CPU
		{3C1E3017-1EAD-44FA-BDDD-B5902F3B184F}.Release|Any CPU.Build.0 = Release|Any CPU
		{C5460F23-A135-4918-8CC6-BDE0C3BB10B4}.Debug|Any CPU.ActiveCfg = Debug|Any CPU
		{C5460F23-A135-4918-8CC6-BDE0C3BB10B4}.Debug|Any CPU.Build.0 = Debug|Any CPU
		{C5460F23-A135-4918-8CC6-BDE0C3BB10B4}.Release|Any CPU.ActiveCfg = Release|Any CPU
		{C5460F23-A135-4918-8CC6-BDE0C3BB10B4}.Release|Any CPU.Build.0 = Release|Any CPU
		{8DFCA213-3E55-445C-B8FA-722D4D21637F}.Debug|Any CPU.ActiveCfg = Debug|Any CPU
		{8DFCA213-3E55-445C-B8FA-722D4D21637F}.Debug|Any CPU.Build.0 = Debug|Any CPU
		{8DFCA213-3E55-445C-B8FA-722D4D21637F}.Release|Any CPU.ActiveCfg = Release|Any CPU
		{8DFCA213-3E55-445C-B8FA-722D4D21637F}.Release|Any CPU.Build.0 = Release|Any CPU
		{9DD51882-BE49-48D7-9D87-D7F17FD0754B}.Debug|Any CPU.ActiveCfg = Debug|Any CPU
		{9DD51882-BE49-48D7-9D87-D7F17FD0754B}.Debug|Any CPU.Build.0 = Debug|Any CPU
		{9DD51882-BE49-48D7-9D87-D7F17FD0754B}.Release|Any CPU.ActiveCfg = Release|Any CPU
		{9DD51882-BE49-48D7-9D87-D7F17FD0754B}.Release|Any CPU.Build.0 = Release|Any CPU
	EndGlobalSection
	GlobalSection(SolutionProperties) = preSolution
		HideSolutionNode = FALSE
	EndGlobalSection
	GlobalSection(ExtensibilityGlobals) = postSolution
		SolutionGuid = {3C317054-3AED-474B-A8ED-71189E0DDB2F}
	EndGlobalSection
EndGlobal
